
Microsoft Visual Studio Solution File, Format Version 12.00
# Visual Studio 15
VisualStudioVersion = 15.0.28307.438
MinimumVisualStudioVersion = 10.0.40219.1
Project("{9A19103F-16F7-4668-BE54-9A1E7A4F7556}") = "ScHost", "ScHost\ScHost.csproj", "{8FA360E0-8718-44DF-B825-DE273B549152}"
EndProject
Project("{9A19103F-16F7-4668-BE54-9A1E7A4F7556}") = "GC.Plugin.Messaging", "GC.Plugin.Messaging\GC.Plugin.Messaging.csproj", "{ED90C50F-1D17-411A-B16C-5D0870884458}"
EndProject
Global
	GlobalSection(SolutionConfigurationPlatforms) = preSolution
		Debug|Any CPU = Debug|Any CPU
		Release|Any CPU = Release|Any CPU
	EndGlobalSection
	GlobalSection(ProjectConfigurationPlatforms) = postSolution
		{8FA360E0-8718-44DF-B825-DE273B549152}.Debug|Any CPU.ActiveCfg = Debug|Any CPU
		{8FA360E0-8718-44DF-B825-DE273B549152}.Debug|Any CPU.Build.0 = Debug|Any CPU
		{8FA360E0-8718-44DF-B825-DE273B549152}.Release|Any CPU.ActiveCfg = Release|Any CPU
		{8FA360E0-8718-44DF-B825-DE273B549152}.Release|Any CPU.Build.0 = Release|Any CPU
		{ED90C50F-1D17-411A-B16C-5D0870884458}.Debug|Any CPU.ActiveCfg = Debug|Any CPU
		{ED90C50F-1D17-411A-B16C-5D0870884458}.Debug|Any CPU.Build.0 = Debug|Any CPU
		{ED90C50F-1D17-411A-B16C-5D0870884458}.Release|Any CPU.ActiveCfg = Release|Any CPU
		{ED90C50F-1D17-411A-B16C-5D0870884458}.Release|Any CPU.Build.0 = Release|Any CPU
	EndGlobalSection
	GlobalSection(SolutionProperties) = preSolution
		HideSolutionNode = FALSE
	EndGlobalSection
	GlobalSection(ExtensibilityGlobals) = postSolution
		SolutionGuid = {60411AA6-C1C7-44FF-AABF-2247C934FACB}
	EndGlobalSection
EndGlobal
